// !$*UTF8*$!
{
	archiveVersion = 1;
	classes = {
	};
	objectVersion = 55;
	objects = {

/* Begin PBXBuildFile section */
		AD44A6722800B197007C0463 /* SimpleWeatherTests.swift in Sources */ = {isa = PBXBuildFile; fileRef = AD44A6712800B197007C0463 /* SimpleWeatherTests.swift */; };
		AD44A67B2800B6D6007C0463 /* WeatherServiceTests.swift in Sources */ = {isa = PBXBuildFile; fileRef = AD44A6782800B1F6007C0463 /* WeatherServiceTests.swift */; };
		AD491F6827FF2A0D006F0585 /* Haptic.swift in Sources */ = {isa = PBXBuildFile; fileRef = AD491F6727FF2A0D006F0585 /* Haptic.swift */; };
		AD8422A0282C4A9900518D72 /* WeatherApiService.swift in Sources */ = {isa = PBXBuildFile; fileRef = ADB0405327FD8EE100D8AC4A /* WeatherApiService.swift */; };
		ADAB6C11283FCD8E00324376 /* Location.swift in Sources */ = {isa = PBXBuildFile; fileRef = ADAB6C10283FCD8E00324376 /* Location.swift */; };
		ADAB6C13283FCF6000324376 /* LocationService.swift in Sources */ = {isa = PBXBuildFile; fileRef = ADAB6C12283FCF6000324376 /* LocationService.swift */; };
		ADB0403627FC930A00D8AC4A /* AppDelegate.swift in Sources */ = {isa = PBXBuildFile; fileRef = ADB0403527FC930A00D8AC4A /* AppDelegate.swift */; };
		ADB0403827FC930A00D8AC4A /* SceneDelegate.swift in Sources */ = {isa = PBXBuildFile; fileRef = ADB0403727FC930A00D8AC4A /* SceneDelegate.swift */; };
		ADB0403A27FC930A00D8AC4A /* WeatherViewController.swift in Sources */ = {isa = PBXBuildFile; fileRef = ADB0403927FC930A00D8AC4A /* WeatherViewController.swift */; };
		ADB0403D27FC930A00D8AC4A /* Main.storyboard in Resources */ = {isa = PBXBuildFile; fileRef = ADB0403B27FC930A00D8AC4A /* Main.storyboard */; };
		ADB0403F27FC931C00D8AC4A /* Assets.xcassets in Resources */ = {isa = PBXBuildFile; fileRef = ADB0403E27FC931C00D8AC4A /* Assets.xcassets */; };
		ADB0404227FC931C00D8AC4A /* LaunchScreen.storyboard in Resources */ = {isa = PBXBuildFile; fileRef = ADB0404027FC931C00D8AC4A /* LaunchScreen.storyboard */; };
		ADB0404A27FCA03E00D8AC4A /* Notes.swift in Sources */ = {isa = PBXBuildFile; fileRef = ADB0404927FCA03E00D8AC4A /* Notes.swift */; };
		ADB0404C27FCECB800D8AC4A /* WeatherData.swift in Sources */ = {isa = PBXBuildFile; fileRef = ADB0404B27FCECB700D8AC4A /* WeatherData.swift */; };
		ADB0405227FCEE8A00D8AC4A /* WeatherServiceApiStrings.swift in Sources */ = {isa = PBXBuildFile; fileRef = ADB0405127FCEE8A00D8AC4A /* WeatherServiceApiStrings.swift */; };
		ADB0405627FD990800D8AC4A /* WeatherModel.swift in Sources */ = {isa = PBXBuildFile; fileRef = ADB0405527FD990800D8AC4A /* WeatherModel.swift */; };
		ADC740A428392F8000791C33 /* WeatherError.swift in Sources */ = {isa = PBXBuildFile; fileRef = ADC740A328392F8000791C33 /* WeatherError.swift */; };
		ADC740A6283A601400791C33 /* MainQueueDispatchDecorator.swift in Sources */ = {isa = PBXBuildFile; fileRef = ADC740A5283A601400791C33 /* MainQueueDispatchDecorator.swift */; };
/* End PBXBuildFile section */

/* Begin PBXContainerItemProxy section */
		AD44A6732800B197007C0463 /* PBXContainerItemProxy */ = {
			isa = PBXContainerItemProxy;
			containerPortal = ADB0402A27FC930A00D8AC4A /* Project object */;
			proxyType = 1;
			remoteGlobalIDString = ADB0403127FC930A00D8AC4A;
			remoteInfo = SimpleWeather;
		};
/* End PBXContainerItemProxy section */

/* Begin PBXFileReference section */
		AD44A66F2800B197007C0463 /* SimpleWeatherTests.xctest */ = {isa = PBXFileReference; explicitFileType = wrapper.cfbundle; includeInIndex = 0; path = SimpleWeatherTests.xctest; sourceTree = BUILT_PRODUCTS_DIR; };
		AD44A6712800B197007C0463 /* SimpleWeatherTests.swift */ = {isa = PBXFileReference; lastKnownFileType = sourcecode.swift; path = SimpleWeatherTests.swift; sourceTree = "<group>"; };
		AD44A6782800B1F6007C0463 /* WeatherServiceTests.swift */ = {isa = PBXFileReference; lastKnownFileType = sourcecode.swift; path = WeatherServiceTests.swift; sourceTree = "<group>"; };
		AD491F6727FF2A0D006F0585 /* Haptic.swift */ = {isa = PBXFileReference; lastKnownFileType = sourcecode.swift; path = Haptic.swift; sourceTree = "<group>"; };
		ADAB6C10283FCD8E00324376 /* Location.swift */ = {isa = PBXFileReference; lastKnownFileType = sourcecode.swift; path = Location.swift; sourceTree = "<group>"; };
		ADAB6C12283FCF6000324376 /* LocationService.swift */ = {isa = PBXFileReference; lastKnownFileType = sourcecode.swift; path = LocationService.swift; sourceTree = "<group>"; };
		ADB0403227FC930A00D8AC4A /* SimpleWeather.app */ = {isa = PBXFileReference; explicitFileType = wrapper.application; includeInIndex = 0; path = SimpleWeather.app; sourceTree = BUILT_PRODUCTS_DIR; };
		ADB0403527FC930A00D8AC4A /* AppDelegate.swift */ = {isa = PBXFileReference; lastKnownFileType = sourcecode.swift; path = AppDelegate.swift; sourceTree = "<group>"; };
		ADB0403727FC930A00D8AC4A /* SceneDelegate.swift */ = {isa = PBXFileReference; lastKnownFileType = sourcecode.swift; path = SceneDelegate.swift; sourceTree = "<group>"; };
		ADB0403927FC930A00D8AC4A /* WeatherViewController.swift */ = {isa = PBXFileReference; lastKnownFileType = sourcecode.swift; path = WeatherViewController.swift; sourceTree = "<group>"; };
		ADB0403C27FC930A00D8AC4A /* Base */ = {isa = PBXFileReference; lastKnownFileType = file.storyboard; name = Base; path = Base.lproj/Main.storyboard; sourceTree = "<group>"; };
		ADB0403E27FC931C00D8AC4A /* Assets.xcassets */ = {isa = PBXFileReference; lastKnownFileType = folder.assetcatalog; path = Assets.xcassets; sourceTree = "<group>"; };
		ADB0404127FC931C00D8AC4A /* Base */ = {isa = PBXFileReference; lastKnownFileType = file.storyboard; name = Base; path = Base.lproj/LaunchScreen.storyboard; sourceTree = "<group>"; };
		ADB0404327FC931C00D8AC4A /* Info.plist */ = {isa = PBXFileReference; lastKnownFileType = text.plist.xml; path = Info.plist; sourceTree = "<group>"; };
		ADB0404927FCA03E00D8AC4A /* Notes.swift */ = {isa = PBXFileReference; lastKnownFileType = sourcecode.swift; path = Notes.swift; sourceTree = "<group>"; };
		ADB0404B27FCECB700D8AC4A /* WeatherData.swift */ = {isa = PBXFileReference; lastKnownFileType = sourcecode.swift; path = WeatherData.swift; sourceTree = "<group>"; };
		ADB0405127FCEE8A00D8AC4A /* WeatherServiceApiStrings.swift */ = {isa = PBXFileReference; lastKnownFileType = sourcecode.swift; path = WeatherServiceApiStrings.swift; sourceTree = "<group>"; };
		ADB0405327FD8EE100D8AC4A /* WeatherApiService.swift */ = {isa = PBXFileReference; lastKnownFileType = sourcecode.swift; path = WeatherApiService.swift; sourceTree = "<group>"; };
		ADB0405527FD990800D8AC4A /* WeatherModel.swift */ = {isa = PBXFileReference; lastKnownFileType = sourcecode.swift; path = WeatherModel.swift; sourceTree = "<group>"; };
		ADC740A328392F8000791C33 /* WeatherError.swift */ = {isa = PBXFileReference; lastKnownFileType = sourcecode.swift; path = WeatherError.swift; sourceTree = "<group>"; };
		ADC740A5283A601400791C33 /* MainQueueDispatchDecorator.swift */ = {isa = PBXFileReference; lastKnownFileType = sourcecode.swift; path = MainQueueDispatchDecorator.swift; sourceTree = "<group>"; };
/* End PBXFileReference section */

/* Begin PBXFrameworksBuildPhase section */
		AD44A66C2800B197007C0463 /* Frameworks */ = {
			isa = PBXFrameworksBuildPhase;
			buildActionMask = 2147483647;
			files = (
			);
			runOnlyForDeploymentPostprocessing = 0;
		};
		ADB0402F27FC930A00D8AC4A /* Frameworks */ = {
			isa = PBXFrameworksBuildPhase;
			buildActionMask = 2147483647;
			files = (
			);
			runOnlyForDeploymentPostprocessing = 0;
		};
/* End PBXFrameworksBuildPhase section */

/* Begin PBXGroup section */
		AD44A6702800B197007C0463 /* SimpleWeatherTests */ = {
			isa = PBXGroup;
			children = (
				AD44A6712800B197007C0463 /* SimpleWeatherTests.swift */,
				AD44A6782800B1F6007C0463 /* WeatherServiceTests.swift */,
			);
			path = SimpleWeatherTests;
			sourceTree = "<group>";
		};
		ADB0402927FC930A00D8AC4A = {
			isa = PBXGroup;
			children = (
				ADB0403427FC930A00D8AC4A /* SimpleWeather */,
				AD44A6702800B197007C0463 /* SimpleWeatherTests */,
				ADB0403327FC930A00D8AC4A /* Products */,
			);
			sourceTree = "<group>";
		};
		ADB0403327FC930A00D8AC4A /* Products */ = {
			isa = PBXGroup;
			children = (
				ADB0403227FC930A00D8AC4A /* SimpleWeather.app */,
				AD44A66F2800B197007C0463 /* SimpleWeatherTests.xctest */,
			);
			name = Products;
			sourceTree = "<group>";
		};
		ADB0403427FC930A00D8AC4A /* SimpleWeather */ = {
			isa = PBXGroup;
			children = (
				ADB0403527FC930A00D8AC4A /* AppDelegate.swift */,
				ADB0403727FC930A00D8AC4A /* SceneDelegate.swift */,
				ADB0405027FCED0800D8AC4A /* Helpers */,
				ADB0404D27FCECBF00D8AC4A /* Model */,
				ADB0404F27FCECE300D8AC4A /* View */,
				ADB0404E27FCECCD00D8AC4A /* Controller */,
				ADB0403E27FC931C00D8AC4A /* Assets.xcassets */,
				ADB0404327FC931C00D8AC4A /* Info.plist */,
			);
			path = SimpleWeather;
			sourceTree = "<group>";
		};
		ADB0404D27FCECBF00D8AC4A /* Model */ = {
			isa = PBXGroup;
			children = (
				ADB0404B27FCECB700D8AC4A /* WeatherData.swift */,
				ADB0405527FD990800D8AC4A /* WeatherModel.swift */,
				ADB0405327FD8EE100D8AC4A /* WeatherApiService.swift */,
				ADAB6C10283FCD8E00324376 /* Location.swift */,
				ADAB6C12283FCF6000324376 /* LocationService.swift */,
			);
			path = Model;
			sourceTree = "<group>";
		};
		ADB0404E27FCECCD00D8AC4A /* Controller */ = {
			isa = PBXGroup;
			children = (
				ADB0403927FC930A00D8AC4A /* WeatherViewController.swift */,
			);
			path = Controller;
			sourceTree = "<group>";
		};
		ADB0404F27FCECE300D8AC4A /* View */ = {
			isa = PBXGroup;
			children = (
				ADB0403B27FC930A00D8AC4A /* Main.storyboard */,
				ADB0404027FC931C00D8AC4A /* LaunchScreen.storyboard */,
			);
			path = View;
			sourceTree = "<group>";
		};
		ADB0405027FCED0800D8AC4A /* Helpers */ = {
			isa = PBXGroup;
			children = (
				ADB0404927FCA03E00D8AC4A /* Notes.swift */,
				ADB0405127FCEE8A00D8AC4A /* WeatherServiceApiStrings.swift */,
				AD491F6727FF2A0D006F0585 /* Haptic.swift */,
				ADC740A328392F8000791C33 /* WeatherError.swift */,
				ADC740A5283A601400791C33 /* MainQueueDispatchDecorator.swift */,
			);
			path = Helpers;
			sourceTree = "<group>";
		};
/* End PBXGroup section */

/* Begin PBXNativeTarget section */
		AD44A66E2800B197007C0463 /* SimpleWeatherTests */ = {
			isa = PBXNativeTarget;
			buildConfigurationList = AD44A6752800B197007C0463 /* Build configuration list for PBXNativeTarget "SimpleWeatherTests" */;
			buildPhases = (
				AD44A66B2800B197007C0463 /* Sources */,
				AD44A66C2800B197007C0463 /* Frameworks */,
				AD44A66D2800B197007C0463 /* Resources */,
			);
			buildRules = (
			);
			dependencies = (
				AD44A6742800B197007C0463 /* PBXTargetDependency */,
			);
			name = SimpleWeatherTests;
			productName = SimpleWeatherTests;
			productReference = AD44A66F2800B197007C0463 /* SimpleWeatherTests.xctest */;
			productType = "com.apple.product-type.bundle.unit-test";
		};
		ADB0403127FC930A00D8AC4A /* SimpleWeather */ = {
			isa = PBXNativeTarget;
			buildConfigurationList = ADB0404627FC931D00D8AC4A /* Build configuration list for PBXNativeTarget "SimpleWeather" */;
			buildPhases = (
				ADB0402E27FC930A00D8AC4A /* Sources */,
				ADB0402F27FC930A00D8AC4A /* Frameworks */,
				ADB0403027FC930A00D8AC4A /* Resources */,
			);
			buildRules = (
			);
			dependencies = (
			);
			name = SimpleWeather;
			productName = SimpleWeather;
			productReference = ADB0403227FC930A00D8AC4A /* SimpleWeather.app */;
			productType = "com.apple.product-type.application";
		};
/* End PBXNativeTarget section */

/* Begin PBXProject section */
		ADB0402A27FC930A00D8AC4A /* Project object */ = {
			isa = PBXProject;
			attributes = {
				BuildIndependentTargetsInParallel = 1;
				LastSwiftUpdateCheck = 1330;
				LastUpgradeCheck = 1330;
				TargetAttributes = {
					AD44A66E2800B197007C0463 = {
						CreatedOnToolsVersion = 13.3;
						TestTargetID = ADB0403127FC930A00D8AC4A;
					};
					ADB0403127FC930A00D8AC4A = {
						CreatedOnToolsVersion = 13.3;
					};
				};
			};
			buildConfigurationList = ADB0402D27FC930A00D8AC4A /* Build configuration list for PBXProject "SimpleWeather" */;
			compatibilityVersion = "Xcode 13.0";
			developmentRegion = en;
			hasScannedForEncodings = 0;
			knownRegions = (
				en,
				Base,
			);
			mainGroup = ADB0402927FC930A00D8AC4A;
			productRefGroup = ADB0403327FC930A00D8AC4A /* Products */;
			projectDirPath = "";
			projectRoot = "";
			targets = (
				ADB0403127FC930A00D8AC4A /* SimpleWeather */,
				AD44A66E2800B197007C0463 /* SimpleWeatherTests */,
			);
		};
/* End PBXProject section */

/* Begin PBXResourcesBuildPhase section */
		AD44A66D2800B197007C0463 /* Resources */ = {
			isa = PBXResourcesBuildPhase;
			buildActionMask = 2147483647;
			files = (
			);
			runOnlyForDeploymentPostprocessing = 0;
		};
		ADB0403027FC930A00D8AC4A /* Resources */ = {
			isa = PBXResourcesBuildPhase;
			buildActionMask = 2147483647;
			files = (
				ADB0404227FC931C00D8AC4A /* LaunchScreen.storyboard in Resources */,
				ADB0403F27FC931C00D8AC4A /* Assets.xcassets in Resources */,
				ADB0403D27FC930A00D8AC4A /* Main.storyboard in Resources */,
			);
			runOnlyForDeploymentPostprocessing = 0;
		};
/* End PBXResourcesBuildPhase section */

/* Begin PBXSourcesBuildPhase section */
		AD44A66B2800B197007C0463 /* Sources */ = {
			isa = PBXSourcesBuildPhase;
			buildActionMask = 2147483647;
			files = (
				AD44A67B2800B6D6007C0463 /* WeatherServiceTests.swift in Sources */,
				AD44A6722800B197007C0463 /* SimpleWeatherTests.swift in Sources */,
			);
			runOnlyForDeploymentPostprocessing = 0;
		};
		ADB0402E27FC930A00D8AC4A /* Sources */ = {
			isa = PBXSourcesBuildPhase;
			buildActionMask = 2147483647;
			files = (
				ADC740A6283A601400791C33 /* MainQueueDispatchDecorator.swift in Sources */,
				ADB0403A27FC930A00D8AC4A /* WeatherViewController.swift in Sources */,
				AD8422A0282C4A9900518D72 /* WeatherApiService.swift in Sources */,
				AD491F6827FF2A0D006F0585 /* Haptic.swift in Sources */,
				ADB0405227FCEE8A00D8AC4A /* WeatherServiceApiStrings.swift in Sources */,
				ADB0403627FC930A00D8AC4A /* AppDelegate.swift in Sources */,
				ADC740A428392F8000791C33 /* WeatherError.swift in Sources */,
				ADB0403827FC930A00D8AC4A /* SceneDelegate.swift in Sources */,
				ADB0404A27FCA03E00D8AC4A /* Notes.swift in Sources */,
				ADB0405627FD990800D8AC4A /* WeatherModel.swift in Sources */,
				ADAB6C11283FCD8E00324376 /* Location.swift in Sources */,
				ADB0404C27FCECB800D8AC4A /* WeatherData.swift in Sources */,
				ADAB6C13283FCF6000324376 /* LocationService.swift in Sources */,
			);
			runOnlyForDeploymentPostprocessing = 0;
		};
/* End PBXSourcesBuildPhase section */

/* Begin PBXTargetDependency section */
		AD44A6742800B197007C0463 /* PBXTargetDependency */ = {
			isa = PBXTargetDependency;
			target = ADB0403127FC930A00D8AC4A /* SimpleWeather */;
			targetProxy = AD44A6732800B197007C0463 /* PBXContainerItemProxy */;
		};
/* End PBXTargetDependency section */

/* Begin PBXVariantGroup section */
		ADB0403B27FC930A00D8AC4A /* Main.storyboard */ = {
			isa = PBXVariantGroup;
			children = (
				ADB0403C27FC930A00D8AC4A /* Base */,
			);
			name = Main.storyboard;
			sourceTree = "<group>";
		};
		ADB0404027FC931C00D8AC4A /* LaunchScreen.storyboard */ = {
			isa = PBXVariantGroup;
			children = (
				ADB0404127FC931C00D8AC4A /* Base */,
			);
			name = LaunchScreen.storyboard;
			sourceTree = "<group>";
		};
/* End PBXVariantGroup section */

/* Begin XCBuildConfiguration section */
		AD44A6762800B197007C0463 /* Debug */ = {
			isa = XCBuildConfiguration;
			buildSettings = {
				BUNDLE_LOADER = "$(TEST_HOST)";
				CODE_SIGN_STYLE = Automatic;
				CURRENT_PROJECT_VERSION = 1;
				DEVELOPMENT_TEAM = Z4JMF9KZA4;
				GENERATE_INFOPLIST_FILE = YES;
				MARKETING_VERSION = 1.0;
				PRODUCT_BUNDLE_IDENTIFIER = "Szymon-Tadrzak.SimpleWeatherTests";
				PRODUCT_NAME = "$(TARGET_NAME)";
				SWIFT_EMIT_LOC_STRINGS = NO;
				SWIFT_VERSION = 5.0;
				TARGETED_DEVICE_FAMILY = "1,2";
				TEST_HOST = "$(BUILT_PRODUCTS_DIR)/SimpleWeather.app/SimpleWeather";
			};
			name = Debug;
		};
		AD44A6772800B197007C0463 /* Release */ = {
			isa = XCBuildConfiguration;
			buildSettings = {
				BUNDLE_LOADER = "$(TEST_HOST)";
				CODE_SIGN_STYLE = Automatic;
				CURRENT_PROJECT_VERSION = 1;
				DEVELOPMENT_TEAM = Z4JMF9KZA4;
				GENERATE_INFOPLIST_FILE = YES;
				MARKETING_VERSION = 1.0;
				PRODUCT_BUNDLE_IDENTIFIER = "Szymon-Tadrzak.SimpleWeatherTests";
				PRODUCT_NAME = "$(TARGET_NAME)";
				SWIFT_EMIT_LOC_STRINGS = NO;
				SWIFT_VERSION = 5.0;
				TARGETED_DEVICE_FAMILY = "1,2";
				TEST_HOST = "$(BUILT_PRODUCTS_DIR)/SimpleWeather.app/SimpleWeather";
			};
			name = Release;
		};
		ADB0404427FC931D00D8AC4A /* Debug */ = {
			isa = XCBuildConfiguration;
			buildSettings = {
				ALWAYS_SEARCH_USER_PATHS = NO;
				CLANG_ANALYZER_NONNULL = YES;
				CLANG_ANALYZER_NUMBER_OBJECT_CONVERSION = YES_AGGRESSIVE;
				CLANG_CXX_LANGUAGE_STANDARD = "gnu++17";
				CLANG_ENABLE_MODULES = YES;
				CLANG_ENABLE_OBJC_ARC = YES;
				CLANG_ENABLE_OBJC_WEAK = YES;
				CLANG_WARN_BLOCK_CAPTURE_AUTORELEASING = YES;
				CLANG_WARN_BOOL_CONVERSION = YES;
				CLANG_WARN_COMMA = YES;
				CLANG_WARN_CONSTANT_CONVERSION = YES;
				CLANG_WARN_DEPRECATED_OBJC_IMPLEMENTATIONS = YES;
				CLANG_WARN_DIRECT_OBJC_ISA_USAGE = YES_ERROR;
				CLANG_WARN_DOCUMENTATION_COMMENTS = YES;
				CLANG_WARN_EMPTY_BODY = YES;
				CLANG_WARN_ENUM_CONVERSION = YES;
				CLANG_WARN_INFINITE_RECURSION = YES;
				CLANG_WARN_INT_CONVERSION = YES;
				CLANG_WARN_NON_LITERAL_NULL_CONVERSION = YES;
				CLANG_WARN_OBJC_IMPLICIT_RETAIN_SELF = YES;
				CLANG_WARN_OBJC_LITERAL_CONVERSION = YES;
				CLANG_WARN_OBJC_ROOT_CLASS = YES_ERROR;
				CLANG_WARN_QUOTED_INCLUDE_IN_FRAMEWORK_HEADER = YES;
				CLANG_WARN_RANGE_LOOP_ANALYSIS = YES;
				CLANG_WARN_STRICT_PROTOTYPES = YES;
				CLANG_WARN_SUSPICIOUS_MOVE = YES;
				CLANG_WARN_UNGUARDED_AVAILABILITY = YES_AGGRESSIVE;
				CLANG_WARN_UNREACHABLE_CODE = YES;
				CLANG_WARN__DUPLICATE_METHOD_MATCH = YES;
				COPY_PHASE_STRIP = NO;
				DEBUG_INFORMATION_FORMAT = dwarf;
				ENABLE_STRICT_OBJC_MSGSEND = YES;
				ENABLE_TESTABILITY = YES;
				GCC_C_LANGUAGE_STANDARD = gnu11;
				GCC_DYNAMIC_NO_PIC = NO;
				GCC_NO_COMMON_BLOCKS = YES;
				GCC_OPTIMIZATION_LEVEL = 0;
				GCC_PREPROCESSOR_DEFINITIONS = (
					"DEBUG=1",
					"$(inherited)",
				);
				GCC_WARN_64_TO_32_BIT_CONVERSION = YES;
				GCC_WARN_ABOUT_RETURN_TYPE = YES_ERROR;
				GCC_WARN_UNDECLARED_SELECTOR = YES;
				GCC_WARN_UNINITIALIZED_AUTOS = YES_AGGRESSIVE;
				GCC_WARN_UNUSED_FUNCTION = YES;
				GCC_WARN_UNUSED_VARIABLE = YES;
				IPHONEOS_DEPLOYMENT_TARGET = 15.4;
				MTL_ENABLE_DEBUG_INFO = INCLUDE_SOURCE;
				MTL_FAST_MATH = YES;
				ONLY_ACTIVE_ARCH = YES;
				SDKROOT = iphoneos;
				SWIFT_ACTIVE_COMPILATION_CONDITIONS = DEBUG;
				SWIFT_OPTIMIZATION_LEVEL = "-Onone";
			};
			name = Debug;
		};
		ADB0404527FC931D00D8AC4A /* Release */ = {
			isa = XCBuildConfiguration;
			buildSettings = {
				ALWAYS_SEARCH_USER_PATHS = NO;
				CLANG_ANALYZER_NONNULL = YES;
				CLANG_ANALYZER_NUMBER_OBJECT_CONVERSION = YES_AGGRESSIVE;
				CLANG_CXX_LANGUAGE_STANDARD = "gnu++17";
				CLANG_ENABLE_MODULES = YES;
				CLANG_ENABLE_OBJC_ARC = YES;
				CLANG_ENABLE_OBJC_WEAK = YES;
				CLANG_WARN_BLOCK_CAPTURE_AUTORELEASING = YES;
				CLANG_WARN_BOOL_CONVERSION = YES;
				CLANG_WARN_COMMA = YES;
				CLANG_WARN_CONSTANT_CONVERSION = YES;
				CLANG_WARN_DEPRECATED_OBJC_IMPLEMENTATIONS = YES;
				CLANG_WARN_DIRECT_OBJC_ISA_USAGE = YES_ERROR;
				CLANG_WARN_DOCUMENTATION_COMMENTS = YES;
				CLANG_WARN_EMPTY_BODY = YES;
				CLANG_WARN_ENUM_CONVERSION = YES;
				CLANG_WARN_INFINITE_RECURSION = YES;
				CLANG_WARN_INT_CONVERSION = YES;
				CLANG_WARN_NON_LITERAL_NULL_CONVERSION = YES;
				CLANG_WARN_OBJC_IMPLICIT_RETAIN_SELF = YES;
				CLANG_WARN_OBJC_LITERAL_CONVERSION = YES;
				CLANG_WARN_OBJC_ROOT_CLASS = YES_ERROR;
				CLANG_WARN_QUOTED_INCLUDE_IN_FRAMEWORK_HEADER = YES;
				CLANG_WARN_RANGE_LOOP_ANALYSIS = YES;
				CLANG_WARN_STRICT_PROTOTYPES = YES;
				CLANG_WARN_SUSPICIOUS_MOVE = YES;
				CLANG_WARN_UNGUARDED_AVAILABILITY = YES_AGGRESSIVE;
				CLANG_WARN_UNREACHABLE_CODE = YES;
				CLANG_WARN__DUPLICATE_METHOD_MATCH = YES;
				COPY_PHASE_STRIP = NO;
				DEBUG_INFORMATION_FORMAT = "dwarf-with-dsym";
				ENABLE_NS_ASSERTIONS = NO;
				ENABLE_STRICT_OBJC_MSGSEND = YES;
				GCC_C_LANGUAGE_STANDARD = gnu11;
				GCC_NO_COMMON_BLOCKS = YES;
				GCC_WARN_64_TO_32_BIT_CONVERSION = YES;
				GCC_WARN_ABOUT_RETURN_TYPE = YES_ERROR;
				GCC_WARN_UNDECLARED_SELECTOR = YES;
				GCC_WARN_UNINITIALIZED_AUTOS = YES_AGGRESSIVE;
				GCC_WARN_UNUSED_FUNCTION = YES;
				GCC_WARN_UNUSED_VARIABLE = YES;
				IPHONEOS_DEPLOYMENT_TARGET = 15.4;
				MTL_ENABLE_DEBUG_INFO = NO;
				MTL_FAST_MATH = YES;
				SDKROOT = iphoneos;
				SWIFT_COMPILATION_MODE = wholemodule;
				SWIFT_OPTIMIZATION_LEVEL = "-O";
				VALIDATE_PRODUCT = YES;
			};
			name = Release;
		};
		ADB0404727FC931D00D8AC4A /* Debug */ = {
			isa = XCBuildConfiguration;
			buildSettings = {
				ASSETCATALOG_COMPILER_APPICON_NAME = AppIcon;
				ASSETCATALOG_COMPILER_GLOBAL_ACCENT_COLOR_NAME = AccentColor;
				CODE_SIGN_STYLE = Automatic;
				CURRENT_PROJECT_VERSION = 1;
				DEVELOPMENT_TEAM = Z4JMF9KZA4;
				GENERATE_INFOPLIST_FILE = YES;
				INFOPLIST_FILE = SimpleWeather/Info.plist;
				INFOPLIST_KEY_UIApplicationSupportsIndirectInputEvents = YES;
				INFOPLIST_KEY_UILaunchStoryboardName = LaunchScreen;
				INFOPLIST_KEY_UIMainStoryboardFile = Main;
				INFOPLIST_KEY_UISupportedInterfaceOrientations_iPad = "UIInterfaceOrientationPortrait UIInterfaceOrientationPortraitUpsideDown UIInterfaceOrientationLandscapeLeft UIInterfaceOrientationLandscapeRight";
				INFOPLIST_KEY_UISupportedInterfaceOrientations_iPhone = "UIInterfaceOrientationPortrait UIInterfaceOrientationLandscapeLeft UIInterfaceOrientationLandscapeRight";
				LD_RUNPATH_SEARCH_PATHS = (
					"$(inherited)",
					"@executable_path/Frameworks",
				);
				MARKETING_VERSION = 1.0;
				PRODUCT_BUNDLE_IDENTIFIER = "Szymon-Tadrzak.SimpleWeather";
				PRODUCT_NAME = "$(TARGET_NAME)";
				SWIFT_EMIT_LOC_STRINGS = YES;
				SWIFT_VERSION = 5.0;
				TARGETED_DEVICE_FAMILY = "1,2";
			};
			name = Debug;
		};
		ADB0404827FC931D00D8AC4A /* Release */ = {
			isa = XCBuildConfiguration;
			buildSettings = {
				ASSETCATALOG_COMPILER_APPICON_NAME = AppIcon;
				ASSETCATALOG_COMPILER_GLOBAL_ACCENT_COLOR_NAME = AccentColor;
				CODE_SIGN_STYLE = Automatic;
				CURRENT_PROJECT_VERSION = 1;
				DEVELOPMENT_TEAM = Z4JMF9KZA4;
				GENERATE_INFOPLIST_FILE = YES;
				INFOPLIST_FILE = SimpleWeather/Info.plist;
				INFOPLIST_KEY_UIApplicationSupportsIndirectInputEvents = YES;
				INFOPLIST_KEY_UILaunchStoryboardName = LaunchScreen;
				INFOPLIST_KEY_UIMainStoryboardFile = Main;
				INFOPLIST_KEY_UISupportedInterfaceOrientations_iPad = "UIInterfaceOrientationPortrait UIInterfaceOrientationPortraitUpsideDown UIInterfaceOrientationLandscapeLeft UIInterfaceOrientationLandscapeRight";
				INFOPLIST_KEY_UISupportedInterfaceOrientations_iPhone = "UIInterfaceOrientationPortrait UIInterfaceOrientationLandscapeLeft UIInterfaceOrientationLandscapeRight";
				LD_RUNPATH_SEARCH_PATHS = (
					"$(inherited)",
					"@executable_path/Frameworks",
				);
				MARKETING_VERSION = 1.0;
				PRODUCT_BUNDLE_IDENTIFIER = "Szymon-Tadrzak.SimpleWeather";
				PRODUCT_NAME = "$(TARGET_NAME)";
				SWIFT_EMIT_LOC_STRINGS = YES;
				SWIFT_VERSION = 5.0;
				TARGETED_DEVICE_FAMILY = "1,2";
			};
			name = Release;
		};
/* End XCBuildConfiguration section */

/* Begin XCConfigurationList section */
		AD44A6752800B197007C0463 /* Build configuration list for PBXNativeTarget "SimpleWeatherTests" */ = {
			isa = XCConfigurationList;
			buildConfigurations = (
				AD44A6762800B197007C0463 /* Debug */,
				AD44A6772800B197007C0463 /* Release */,
			);
			defaultConfigurationIsVisible = 0;
			defaultConfigurationName = Release;
		};
		ADB0402D27FC930A00D8AC4A /* Build configuration list for PBXProject "SimpleWeather" */ = {
			isa = XCConfigurationList;
			buildConfigurations = (
				ADB0404427FC931D00D8AC4A /* Debug */,
				ADB0404527FC931D00D8AC4A /* Release */,
			);
			defaultConfigurationIsVisible = 0;
			defaultConfigurationName = Release;
		};
		ADB0404627FC931D00D8AC4A /* Build configuration list for PBXNativeTarget "SimpleWeather" */ = {
			isa = XCConfigurationList;
			buildConfigurations = (
				ADB0404727FC931D00D8AC4A /* Debug */,
				ADB0404827FC931D00D8AC4A /* Release */,
			);
			defaultConfigurationIsVisible = 0;
			defaultConfigurationName = Release;
		};
/* End XCConfigurationList section */
	};
	rootObject = ADB0402A27FC930A00D8AC4A /* Project object */;
}
